// !$*UTF8*$!
{
	archiveVersion = 1;
	classes = {
	};
	objectVersion = 55;
	objects = {

/* Begin PBXBuildFile section */
		CC247109276110AD00B0105C /* ResultViewController.swift in Sources */ = {isa = PBXBuildFile; fileRef = CC247108276110AD00B0105C /* ResultViewController.swift */; };
		CC24710B27631A4E00B0105C /* LifeNumber.swift in Sources */ = {isa = PBXBuildFile; fileRef = CC24710A27631A4D00B0105C /* LifeNumber.swift */; };
		CC24710E2763579D00B0105C /* NineSquareDivisionViewController.swift in Sources */ = {isa = PBXBuildFile; fileRef = CC24710D2763579D00B0105C /* NineSquareDivisionViewController.swift */; };
		CC4CF36927673DDB0061A570 /* BirthdayNumberViewController.swift in Sources */ = {isa = PBXBuildFile; fileRef = CC4CF36827673DDB0061A570 /* BirthdayNumberViewController.swift */; };
		CC4CF36B276748560061A570 /* InbornNumberViewController.swift in Sources */ = {isa = PBXBuildFile; fileRef = CC4CF36A276748560061A570 /* InbornNumberViewController.swift */; };
		CC4CF36D27675A060061A570 /* ZodiacSignNumberViewController.swift in Sources */ = {isa = PBXBuildFile; fileRef = CC4CF36C27675A060061A570 /* ZodiacSignNumberViewController.swift */; };
		CCE677B0275FBFFC0060F8CA /* AppDelegate.swift in Sources */ = {isa = PBXBuildFile; fileRef = CCE677AF275FBFFC0060F8CA /* AppDelegate.swift */; };
		CCE677B2275FBFFC0060F8CA /* SceneDelegate.swift in Sources */ = {isa = PBXBuildFile; fileRef = CCE677B1275FBFFC0060F8CA /* SceneDelegate.swift */; };
		CCE677B4275FBFFC0060F8CA /* ViewController.swift in Sources */ = {isa = PBXBuildFile; fileRef = CCE677B3275FBFFC0060F8CA /* ViewController.swift */; };
		CCE677B7275FBFFC0060F8CA /* Main.storyboard in Resources */ = {isa = PBXBuildFile; fileRef = CCE677B5275FBFFC0060F8CA /* Main.storyboard */; };
		CCE677BA275FBFFC0060F8CA /* ____.xcdatamodeld in Sources */ = {isa = PBXBuildFile; fileRef = CCE677B8275FBFFC0060F8CA /* ____.xcdatamodeld */; };
		CCE677BC275FBFFE0060F8CA /* Assets.xcassets in Resources */ = {isa = PBXBuildFile; fileRef = CCE677BB275FBFFE0060F8CA /* Assets.xcassets */; };
		CCE677BF275FBFFE0060F8CA /* LaunchScreen.storyboard in Resources */ = {isa = PBXBuildFile; fileRef = CCE677BD275FBFFE0060F8CA /* LaunchScreen.storyboard */; };
		CCE677C7275FC15B0060F8CA /* BirthdayViewController.swift in Sources */ = {isa = PBXBuildFile; fileRef = CCE677C6275FC15B0060F8CA /* BirthdayViewController.swift */; };
/* End PBXBuildFile section */

/* Begin PBXFileReference section */
		CC247108276110AD00B0105C /* ResultViewController.swift */ = {isa = PBXFileReference; lastKnownFileType = sourcecode.swift; path = ResultViewController.swift; sourceTree = "<group>"; };
		CC24710A27631A4D00B0105C /* LifeNumber.swift */ = {isa = PBXFileReference; lastKnownFileType = sourcecode.swift; path = LifeNumber.swift; sourceTree = "<group>"; };
		CC24710D2763579D00B0105C /* NineSquareDivisionViewController.swift */ = {isa = PBXFileReference; lastKnownFileType = sourcecode.swift; path = NineSquareDivisionViewController.swift; sourceTree = "<group>"; };
		CC4CF36827673DDB0061A570 /* BirthdayNumberViewController.swift */ = {isa = PBXFileReference; lastKnownFileType = sourcecode.swift; path = BirthdayNumberViewController.swift; sourceTree = "<group>"; };
		CC4CF36A276748560061A570 /* InbornNumberViewController.swift */ = {isa = PBXFileReference; lastKnownFileType = sourcecode.swift; path = InbornNumberViewController.swift; sourceTree = "<group>"; };
		CC4CF36C27675A060061A570 /* ZodiacSignNumberViewController.swift */ = {isa = PBXFileReference; lastKnownFileType = sourcecode.swift; path = ZodiacSignNumberViewController.swift; sourceTree = "<group>"; };
		CCE677AC275FBFFC0060F8CA /* 生命靈數.app */ = {isa = PBXFileReference; explicitFileType = wrapper.application; includeInIndex = 0; path = "生命靈數.app"; sourceTree = BUILT_PRODUCTS_DIR; };
		CCE677AF275FBFFC0060F8CA /* AppDelegate.swift */ = {isa = PBXFileReference; lastKnownFileType = sourcecode.swift; path = AppDelegate.swift; sourceTree = "<group>"; };
		CCE677B1275FBFFC0060F8CA /* SceneDelegate.swift */ = {isa = PBXFileReference; lastKnownFileType = sourcecode.swift; path = SceneDelegate.swift; sourceTree = "<group>"; };
		CCE677B3275FBFFC0060F8CA /* ViewController.swift */ = {isa = PBXFileReference; lastKnownFileType = sourcecode.swift; path = ViewController.swift; sourceTree = "<group>"; };
		CCE677B6275FBFFC0060F8CA /* Base */ = {isa = PBXFileReference; lastKnownFileType = file.storyboard; name = Base; path = Base.lproj/Main.storyboard; sourceTree = "<group>"; };
		CCE677B9275FBFFC0060F8CA /* ____.xcdatamodel */ = {isa = PBXFileReference; lastKnownFileType = wrapper.xcdatamodel; path = "____.xcdatamodel"; sourceTree = "<group>"; };
		CCE677BB275FBFFE0060F8CA /* Assets.xcassets */ = {isa = PBXFileReference; lastKnownFileType = folder.assetcatalog; path = Assets.xcassets; sourceTree = "<group>"; };
		CCE677BE275FBFFE0060F8CA /* Base */ = {isa = PBXFileReference; lastKnownFileType = file.storyboard; name = Base; path = Base.lproj/LaunchScreen.storyboard; sourceTree = "<group>"; };
		CCE677C0275FBFFE0060F8CA /* Info.plist */ = {isa = PBXFileReference; lastKnownFileType = text.plist.xml; path = Info.plist; sourceTree = "<group>"; };
		CCE677C6275FC15B0060F8CA /* BirthdayViewController.swift */ = {isa = PBXFileReference; lastKnownFileType = sourcecode.swift; path = BirthdayViewController.swift; sourceTree = "<group>"; };
/* End PBXFileReference section */

/* Begin PBXFrameworksBuildPhase section */
		CCE677A9275FBFFC0060F8CA /* Frameworks */ = {
			isa = PBXFrameworksBuildPhase;
			buildActionMask = 2147483647;
			files = (
			);
			runOnlyForDeploymentPostprocessing = 0;
		};
/* End PBXFrameworksBuildPhase section */

/* Begin PBXGroup section */
		CC24710C27631A8600B0105C /* Views */ = {
			isa = PBXGroup;
			children = (
				CC24710A27631A4D00B0105C /* LifeNumber.swift */,
			);
			path = Views;
			sourceTree = "<group>";
		};
		CCE677A3275FBFFC0060F8CA = {
			isa = PBXGroup;
			children = (
				CCE677AF275FBFFC0060F8CA /* AppDelegate.swift */,
				CCE677B1275FBFFC0060F8CA /* SceneDelegate.swift */,
				CCE677B5275FBFFC0060F8CA /* Main.storyboard */,
				CCE677C9275FC1FC0060F8CA /* View Controllers */,
				CC24710C27631A8600B0105C /* Views */,
				CCE677AE275FBFFC0060F8CA /* 生命靈數 */,
				CCE677AD275FBFFC0060F8CA /* Products */,
			);
			sourceTree = "<group>";
		};
		CCE677AD275FBFFC0060F8CA /* Products */ = {
			isa = PBXGroup;
			children = (
				CCE677AC275FBFFC0060F8CA /* 生命靈數.app */,
			);
			name = Products;
			sourceTree = "<group>";
		};
		CCE677AE275FBFFC0060F8CA /* 生命靈數 */ = {
			isa = PBXGroup;
			children = (
				CCE677BB275FBFFE0060F8CA /* Assets.xcassets */,
				CCE677BD275FBFFE0060F8CA /* LaunchScreen.storyboard */,
				CCE677C0275FBFFE0060F8CA /* Info.plist */,
				CCE677B8275FBFFC0060F8CA /* ____.xcdatamodeld */,
			);
			path = "生命靈數";
			sourceTree = "<group>";
		};
		CCE677C9275FC1FC0060F8CA /* View Controllers */ = {
			isa = PBXGroup;
			children = (
				CCE677C6275FC15B0060F8CA /* BirthdayViewController.swift */,
				CC247108276110AD00B0105C /* ResultViewController.swift */,
				CC24710D2763579D00B0105C /* NineSquareDivisionViewController.swift */,
				CC4CF36C27675A060061A570 /* ZodiacSignNumberViewController.swift */,
				CC4CF36A276748560061A570 /* InbornNumberViewController.swift */,
				CC4CF36827673DDB0061A570 /* BirthdayNumberViewController.swift */,
				CCE677B3275FBFFC0060F8CA /* ViewController.swift */,
			);
			path = "View Controllers";
			sourceTree = "<group>";
		};
/* End PBXGroup section */

/* Begin PBXNativeTarget section */
		CCE677AB275FBFFC0060F8CA /* 生命靈數 */ = {
			isa = PBXNativeTarget;
			buildConfigurationList = CCE677C3275FBFFE0060F8CA /* Build configuration list for PBXNativeTarget "生命靈數" */;
			buildPhases = (
				CCE677A8275FBFFC0060F8CA /* Sources */,
				CCE677A9275FBFFC0060F8CA /* Frameworks */,
				CCE677AA275FBFFC0060F8CA /* Resources */,
			);
			buildRules = (
			);
			dependencies = (
			);
			name = "生命靈數";
			productName = "生命靈數";
			productReference = CCE677AC275FBFFC0060F8CA /* 生命靈數.app */;
			productType = "com.apple.product-type.application";
		};
/* End PBXNativeTarget section */

/* Begin PBXProject section */
		CCE677A4275FBFFC0060F8CA /* Project object */ = {
			isa = PBXProject;
			attributes = {
				BuildIndependentTargetsInParallel = 1;
				LastSwiftUpdateCheck = 1300;
				LastUpgradeCheck = 1300;
				TargetAttributes = {
					CCE677AB275FBFFC0060F8CA = {
						CreatedOnToolsVersion = 13.0;
					};
				};
			};
			buildConfigurationList = CCE677A7275FBFFC0060F8CA /* Build configuration list for PBXProject "生命靈數" */;
			compatibilityVersion = "Xcode 13.0";
			developmentRegion = en;
			hasScannedForEncodings = 0;
			knownRegions = (
				en,
				Base,
			);
			mainGroup = CCE677A3275FBFFC0060F8CA;
			productRefGroup = CCE677AD275FBFFC0060F8CA /* Products */;
			projectDirPath = "";
			projectRoot = "";
			targets = (
				CCE677AB275FBFFC0060F8CA /* 生命靈數 */,
			);
		};
/* End PBXProject section */

/* Begin PBXResourcesBuildPhase section */
		CCE677AA275FBFFC0060F8CA /* Resources */ = {
			isa = PBXResourcesBuildPhase;
			buildActionMask = 2147483647;
			files = (
				CCE677BF275FBFFE0060F8CA /* LaunchScreen.storyboard in Resources */,
				CCE677BC275FBFFE0060F8CA /* Assets.xcassets in Resources */,
				CCE677B7275FBFFC0060F8CA /* Main.storyboard in Resources */,
			);
			runOnlyForDeploymentPostprocessing = 0;
		};
/* End PBXResourcesBuildPhase section */

/* Begin PBXSourcesBuildPhase section */
		CCE677A8275FBFFC0060F8CA /* Sources */ = {
			isa = PBXSourcesBuildPhase;
			buildActionMask = 2147483647;
			files = (
				CC4CF36B276748560061A570 /* InbornNumberViewController.swift in Sources */,
				CC24710E2763579D00B0105C /* NineSquareDivisionViewController.swift in Sources */,
				CCE677C7275FC15B0060F8CA /* BirthdayViewController.swift in Sources */,
				CCE677B4275FBFFC0060F8CA /* ViewController.swift in Sources */,
				CCE677BA275FBFFC0060F8CA /* ____.xcdatamodeld in Sources */,
				CC4CF36D27675A060061A570 /* ZodiacSignNumberViewController.swift in Sources */,
				CC24710B27631A4E00B0105C /* LifeNumber.swift in Sources */,
				CCE677B0275FBFFC0060F8CA /* AppDelegate.swift in Sources */,
				CCE677B2275FBFFC0060F8CA /* SceneDelegate.swift in Sources */,
				CC4CF36927673DDB0061A570 /* BirthdayNumberViewController.swift in Sources */,
				CC247109276110AD00B0105C /* ResultViewController.swift in Sources */,
			);
			runOnlyForDeploymentPostprocessing = 0;
		};
/* End PBXSourcesBuildPhase section */

/* Begin PBXVariantGroup section */
		CCE677B5275FBFFC0060F8CA /* Main.storyboard */ = {
			isa = PBXVariantGroup;
			children = (
				CCE677B6275FBFFC0060F8CA /* Base */,
			);
			name = Main.storyboard;
			sourceTree = "<group>";
		};
		CCE677BD275FBFFE0060F8CA /* LaunchScreen.storyboard */ = {
			isa = PBXVariantGroup;
			children = (
				CCE677BE275FBFFE0060F8CA /* Base */,
			);
			name = LaunchScreen.storyboard;
			sourceTree = "<group>";
		};
/* End PBXVariantGroup section */

/* Begin XCBuildConfiguration section */
		CCE677C1275FBFFE0060F8CA /* Debug */ = {
			isa = XCBuildConfiguration;
			buildSettings = {
				ALWAYS_SEARCH_USER_PATHS = NO;
				CLANG_ANALYZER_NONNULL = YES;
				CLANG_ANALYZER_NUMBER_OBJECT_CONVERSION = YES_AGGRESSIVE;
				CLANG_CXX_LANGUAGE_STANDARD = "gnu++17";
				CLANG_CXX_LIBRARY = "libc++";
				CLANG_ENABLE_MODULES = YES;
				CLANG_ENABLE_OBJC_ARC = YES;
				CLANG_ENABLE_OBJC_WEAK = YES;
				CLANG_WARN_BLOCK_CAPTURE_AUTORELEASING = YES;
				CLANG_WARN_BOOL_CONVERSION = YES;
				CLANG_WARN_COMMA = YES;
				CLANG_WARN_CONSTANT_CONVERSION = YES;
				CLANG_WARN_DEPRECATED_OBJC_IMPLEMENTATIONS = YES;
				CLANG_WARN_DIRECT_OBJC_ISA_USAGE = YES_ERROR;
				CLANG_WARN_DOCUMENTATION_COMMENTS = YES;
				CLANG_WARN_EMPTY_BODY = YES;
				CLANG_WARN_ENUM_CONVERSION = YES;
				CLANG_WARN_INFINITE_RECURSION = YES;
				CLANG_WARN_INT_CONVERSION = YES;
				CLANG_WARN_NON_LITERAL_NULL_CONVERSION = YES;
				CLANG_WARN_OBJC_IMPLICIT_RETAIN_SELF = YES;
				CLANG_WARN_OBJC_LITERAL_CONVERSION = YES;
				CLANG_WARN_OBJC_ROOT_CLASS = YES_ERROR;
				CLANG_WARN_QUOTED_INCLUDE_IN_FRAMEWORK_HEADER = YES;
				CLANG_WARN_RANGE_LOOP_ANALYSIS = YES;
				CLANG_WARN_STRICT_PROTOTYPES = YES;
				CLANG_WARN_SUSPICIOUS_MOVE = YES;
				CLANG_WARN_UNGUARDED_AVAILABILITY = YES_AGGRESSIVE;
				CLANG_WARN_UNREACHABLE_CODE = YES;
				CLANG_WARN__DUPLICATE_METHOD_MATCH = YES;
				COPY_PHASE_STRIP = NO;
				DEBUG_INFORMATION_FORMAT = dwarf;
				ENABLE_STRICT_OBJC_MSGSEND = YES;
				ENABLE_TESTABILITY = YES;
				GCC_C_LANGUAGE_STANDARD = gnu11;
				GCC_DYNAMIC_NO_PIC = NO;
				GCC_NO_COMMON_BLOCKS = YES;
				GCC_OPTIMIZATION_LEVEL = 0;
				GCC_PREPROCESSOR_DEFINITIONS = (
					"DEBUG=1",
					"$(inherited)",
				);
				GCC_WARN_64_TO_32_BIT_CONVERSION = YES;
				GCC_WARN_ABOUT_RETURN_TYPE = YES_ERROR;
				GCC_WARN_UNDECLARED_SELECTOR = YES;
				GCC_WARN_UNINITIALIZED_AUTOS = YES_AGGRESSIVE;
				GCC_WARN_UNUSED_FUNCTION = YES;
				GCC_WARN_UNUSED_VARIABLE = YES;
				IPHONEOS_DEPLOYMENT_TARGET = 15.0;
				MTL_ENABLE_DEBUG_INFO = INCLUDE_SOURCE;
				MTL_FAST_MATH = YES;
				ONLY_ACTIVE_ARCH = YES;
				SDKROOT = iphoneos;
				SWIFT_ACTIVE_COMPILATION_CONDITIONS = DEBUG;
				SWIFT_OPTIMIZATION_LEVEL = "-Onone";
			};
			name = Debug;
		};
		CCE677C2275FBFFE0060F8CA /* Release */ = {
			isa = XCBuildConfiguration;
			buildSettings = {
				ALWAYS_SEARCH_USER_PATHS = NO;
				CLANG_ANALYZER_NONNULL = YES;
				CLANG_ANALYZER_NUMBER_OBJECT_CONVERSION = YES_AGGRESSIVE;
				CLANG_CXX_LANGUAGE_STANDARD = "gnu++17";
				CLANG_CXX_LIBRARY = "libc++";
				CLANG_ENABLE_MODULES = YES;
				CLANG_ENABLE_OBJC_ARC = YES;
				CLANG_ENABLE_OBJC_WEAK = YES;
				CLANG_WARN_BLOCK_CAPTURE_AUTORELEASING = YES;
				CLANG_WARN_BOOL_CONVERSION = YES;
				CLANG_WARN_COMMA = YES;
				CLANG_WARN_CONSTANT_CONVERSION = YES;
				CLANG_WARN_DEPRECATED_OBJC_IMPLEMENTATIONS = YES;
				CLANG_WARN_DIRECT_OBJC_ISA_USAGE = YES_ERROR;
				CLANG_WARN_DOCUMENTATION_COMMENTS = YES;
				CLANG_WARN_EMPTY_BODY = YES;
				CLANG_WARN_ENUM_CONVERSION = YES;
				CLANG_WARN_INFINITE_RECURSION = YES;
				CLANG_WARN_INT_CONVERSION = YES;
				CLANG_WARN_NON_LITERAL_NULL_CONVERSION = YES;
				CLANG_WARN_OBJC_IMPLICIT_RETAIN_SELF = YES;
				CLANG_WARN_OBJC_LITERAL_CONVERSION = YES;
				CLANG_WARN_OBJC_ROOT_CLASS = YES_ERROR;
				CLANG_WARN_QUOTED_INCLUDE_IN_FRAMEWORK_HEADER = YES;
				CLANG_WARN_RANGE_LOOP_ANALYSIS = YES;
				CLANG_WARN_STRICT_PROTOTYPES = YES;
				CLANG_WARN_SUSPICIOUS_MOVE = YES;
				CLANG_WARN_UNGUARDED_AVAILABILITY = YES_AGGRESSIVE;
				CLANG_WARN_UNREACHABLE_CODE = YES;
				CLANG_WARN__DUPLICATE_METHOD_MATCH = YES;
				COPY_PHASE_STRIP = NO;
				DEBUG_INFORMATION_FORMAT = "dwarf-with-dsym";
				ENABLE_NS_ASSERTIONS = NO;
				ENABLE_STRICT_OBJC_MSGSEND = YES;
				GCC_C_LANGUAGE_STANDARD = gnu11;
				GCC_NO_COMMON_BLOCKS = YES;
				GCC_WARN_64_TO_32_BIT_CONVERSION = YES;
				GCC_WARN_ABOUT_RETURN_TYPE = YES_ERROR;
				GCC_WARN_UNDECLARED_SELECTOR = YES;
				GCC_WARN_UNINITIALIZED_AUTOS = YES_AGGRESSIVE;
				GCC_WARN_UNUSED_FUNCTION = YES;
				GCC_WARN_UNUSED_VARIABLE = YES;
				IPHONEOS_DEPLOYMENT_TARGET = 15.0;
				MTL_ENABLE_DEBUG_INFO = NO;
				MTL_FAST_MATH = YES;
				SDKROOT = iphoneos;
				SWIFT_COMPILATION_MODE = wholemodule;
				SWIFT_OPTIMIZATION_LEVEL = "-O";
				VALIDATE_PRODUCT = YES;
			};
			name = Release;
		};
		CCE677C4275FBFFE0060F8CA /* Debug */ = {
			isa = XCBuildConfiguration;
			buildSettings = {
				ASSETCATALOG_COMPILER_APPICON_NAME = AppIcon;
				ASSETCATALOG_COMPILER_GLOBAL_ACCENT_COLOR_NAME = AccentColor;
				CODE_SIGN_STYLE = Automatic;
				CURRENT_PROJECT_VERSION = 1;
				DEVELOPMENT_TEAM = VP4GBKDNYR;
				GENERATE_INFOPLIST_FILE = YES;
				INFOPLIST_FILE = "生命靈數/Info.plist";
				INFOPLIST_KEY_UIApplicationSupportsIndirectInputEvents = YES;
				INFOPLIST_KEY_UILaunchStoryboardName = LaunchScreen;
				INFOPLIST_KEY_UIMainStoryboardFile = Main;
				INFOPLIST_KEY_UISupportedInterfaceOrientations_iPad = "UIInterfaceOrientationPortrait UIInterfaceOrientationPortraitUpsideDown UIInterfaceOrientationLandscapeLeft UIInterfaceOrientationLandscapeRight";
				INFOPLIST_KEY_UISupportedInterfaceOrientations_iPhone = "UIInterfaceOrientationPortrait UIInterfaceOrientationLandscapeLeft UIInterfaceOrientationLandscapeRight";
				LD_RUNPATH_SEARCH_PATHS = (
					"$(inherited)",
					"@executable_path/Frameworks",
				);
				MARKETING_VERSION = 1.0;
				PRODUCT_BUNDLE_IDENTIFIER = "KikiWang.----";
				PRODUCT_NAME = "$(TARGET_NAME)";
				SWIFT_EMIT_LOC_STRINGS = YES;
				SWIFT_VERSION = 5.0;
				TARGETED_DEVICE_FAMILY = "1,2";
			};
			name = Debug;
		};
		CCE677C5275FBFFE0060F8CA /* Release */ = {
			isa = XCBuildConfiguration;
			buildSettings = {
				ASSETCATALOG_COMPILER_APPICON_NAME = AppIcon;
				ASSETCATALOG_COMPILER_GLOBAL_ACCENT_COLOR_NAME = AccentColor;
				CODE_SIGN_STYLE = Automatic;
				CURRENT_PROJECT_VERSION = 1;
				DEVELOPMENT_TEAM = VP4GBKDNYR;
				GENERATE_INFOPLIST_FILE = YES;
				INFOPLIST_FILE = "生命靈數/Info.plist";
				INFOPLIST_KEY_UIApplicationSupportsIndirectInputEvents = YES;
				INFOPLIST_KEY_UILaunchStoryboardName = LaunchScreen;
				INFOPLIST_KEY_UIMainStoryboardFile = Main;
				INFOPLIST_KEY_UISupportedInterfaceOrientations_iPad = "UIInterfaceOrientationPortrait UIInterfaceOrientationPortraitUpsideDown UIInterfaceOrientationLandscapeLeft UIInterfaceOrientationLandscapeRight";
				INFOPLIST_KEY_UISupportedInterfaceOrientations_iPhone = "UIInterfaceOrientationPortrait UIInterfaceOrientationLandscapeLeft UIInterfaceOrientationLandscapeRight";
				LD_RUNPATH_SEARCH_PATHS = (
					"$(inherited)",
					"@executable_path/Frameworks",
				);
				MARKETING_VERSION = 1.0;
				PRODUCT_BUNDLE_IDENTIFIER = "KikiWang.----";
				PRODUCT_NAME = "$(TARGET_NAME)";
				SWIFT_EMIT_LOC_STRINGS = YES;
				SWIFT_VERSION = 5.0;
				TARGETED_DEVICE_FAMILY = "1,2";
			};
			name = Release;
		};
/* End XCBuildConfiguration section */

/* Begin XCConfigurationList section */
		CCE677A7275FBFFC0060F8CA /* Build configuration list for PBXProject "生命靈數" */ = {
			isa = XCConfigurationList;
			buildConfigurations = (
				CCE677C1275FBFFE0060F8CA /* Debug */,
				CCE677C2275FBFFE0060F8CA /* Release */,
			);
			defaultConfigurationIsVisible = 0;
			defaultConfigurationName = Release;
		};
		CCE677C3275FBFFE0060F8CA /* Build configuration list for PBXNativeTarget "生命靈數" */ = {
			isa = XCConfigurationList;
			buildConfigurations = (
				CCE677C4275FBFFE0060F8CA /* Debug */,
				CCE677C5275FBFFE0060F8CA /* Release */,
			);
			defaultConfigurationIsVisible = 0;
			defaultConfigurationName = Release;
		};
/* End XCConfigurationList section */

/* Begin XCVersionGroup section */
		CCE677B8275FBFFC0060F8CA /* ____.xcdatamodeld */ = {
			isa = XCVersionGroup;
			children = (
				CCE677B9275FBFFC0060F8CA /* ____.xcdatamodel */,
			);
			currentVersion = CCE677B9275FBFFC0060F8CA /* ____.xcdatamodel */;
			path = "____.xcdatamodeld";
			sourceTree = "<group>";
			versionGroupType = wrapper.xcdatamodel;
		};
/* End XCVersionGroup section */
	};
	rootObject = CCE677A4275FBFFC0060F8CA /* Project object */;
}
